
Microsoft Visual Studio Solution File, Format Version 12.00
# Visual Studio Version 17
VisualStudioVersion = 17.11.35312.102
MinimumVisualStudioVersion = 10.0.40219.1
Project("{FAE04EC0-301F-11D3-BF4B-00C04F79EFBC}") = "CV_FLare.Domain", "CV_FLare.Domain\CV_FLare.Domain.csproj", "{ADEF2F32-C8C2-4EB8-A84F-7AFF25F631D2}"
EndProject
Project("{FAE04EC0-301F-11D3-BF4B-00C04F79EFBC}") = "CV_Flare.Application", "CV_Flare.Application\CV_Flare.Application.csproj", "{FF204F09-E0F6-4EE7-A879-5FFEE004CDD9}"
EndProject
Project("{FAE04EC0-301F-11D3-BF4B-00C04F79EFBC}") = "CV_Flare.RazorPage", "CV_Flare.RazorPage\CV_Flare.RazorPage.csproj", "{3DC1084D-89DE-4D95-9F2D-84A524AFE00A}"
EndProject
Project("{FAE04EC0-301F-11D3-BF4B-00C04F79EFBC}") = "CV_Flare.WebAPI", "CV_Flare.WebAPI\CV_Flare.WebAPI.csproj", "{6429819D-84C0-4ED8-8A4D-0360F3059B01}"
EndProject
Project("{FAE04EC0-301F-11D3-BF4B-00C04F79EFBC}") = "CV_Flare.Infrastructure", "CV_Flare.Infrastructure\CV_Flare.Infrastructure.csproj", "{E63F3BA4-FDF8-4794-A3EC-095FF727DDD6}"
EndProject
Global
	GlobalSection(SolutionConfigurationPlatforms) = preSolution
		Debug|Any CPU = Debug|Any CPU
		Release|Any CPU = Release|Any CPU
	EndGlobalSection
	GlobalSection(ProjectConfigurationPlatforms) = postSolution
		{ADEF2F32-C8C2-4EB8-A84F-7AFF25F631D2}.Debug|Any CPU.ActiveCfg = Debug|Any CPU
		{ADEF2F32-C8C2-4EB8-A84F-7AFF25F631D2}.Debug|Any CPU.Build.0 = Debug|Any CPU
		{ADEF2F32-C8C2-4EB8-A84F-7AFF25F631D2}.Release|Any CPU.ActiveCfg = Release|Any CPU
		{ADEF2F32-C8C2-4EB8-A84F-7AFF25F631D2}.Release|Any CPU.Build.0 = Release|Any CPU
		{FF204F09-E0F6-4EE7-A879-5FFEE004CDD9}.Debug|Any CPU.ActiveCfg = Debug|Any CPU
		{FF204F09-E0F6-4EE7-A879-5FFEE004CDD9}.Debug|Any CPU.Build.0 = Debug|Any CPU
		{FF204F09-E0F6-4EE7-A879-5FFEE004CDD9}.Release|Any CPU.ActiveCfg = Release|Any CPU
		{FF204F09-E0F6-4EE7-A879-5FFEE004CDD9}.Release|Any CPU.Build.0 = Release|Any CPU
		{3DC1084D-89DE-4D95-9F2D-84A524AFE00A}.Debug|Any CPU.ActiveCfg = Debug|Any CPU
		{3DC1084D-89DE-4D95-9F2D-84A524AFE00A}.Debug|Any CPU.Build.0 = Debug|Any CPU
		{3DC1084D-89DE-4D95-9F2D-84A524AFE00A}.Release|Any CPU.ActiveCfg = Release|Any CPU
		{3DC1084D-89DE-4D95-9F2D-84A524AFE00A}.Release|Any CPU.Build.0 = Release|Any CPU
		{6429819D-84C0-4ED8-8A4D-0360F3059B01}.Debug|Any CPU.ActiveCfg = Debug|Any CPU
		{6429819D-84C0-4ED8-8A4D-0360F3059B01}.Debug|Any CPU.Build.0 = Debug|Any CPU
		{6429819D-84C0-4ED8-8A4D-0360F3059B01}.Release|Any CPU.ActiveCfg = Release|Any CPU
		{6429819D-84C0-4ED8-8A4D-0360F3059B01}.Release|Any CPU.Build.0 = Release|Any CPU
		{E63F3BA4-FDF8-4794-A3EC-095FF727DDD6}.Debug|Any CPU.ActiveCfg = Debug|Any CPU
		{E63F3BA4-FDF8-4794-A3EC-095FF727DDD6}.Debug|Any CPU.Build.0 = Debug|Any CPU
		{E63F3BA4-FDF8-4794-A3EC-095FF727DDD6}.Release|Any CPU.ActiveCfg = Release|Any CPU
		{E63F3BA4-FDF8-4794-A3EC-095FF727DDD6}.Release|Any CPU.Build.0 = Release|Any CPU
	EndGlobalSection
	GlobalSection(SolutionProperties) = preSolution
		HideSolutionNode = FALSE
	EndGlobalSection
	GlobalSection(ExtensibilityGlobals) = postSolution
		SolutionGuid = {72848AAA-6F70-470C-8E6F-BEA24C5E2206}
	EndGlobalSection
EndGlobal
